
Microsoft Visual Studio Solution File, Format Version 12.00
# Visual Studio Version 16
VisualStudioVersion = 16.0.31424.327
MinimumVisualStudioVersion = 10.0.40219.1
Project("{FAE04EC0-301F-11D3-BF4B-00C04F79EFBC}") = "Assignment1", "Assignment1\Assignment1.csproj", "{D704DA65-9DF7-40B4-B43A-E4644E7FE4A5}"
EndProject
Global
	GlobalSection(SolutionConfigurationPlatforms) = preSolution
		Debug|Any CPU = Debug|Any CPU
		Release|Any CPU = Release|Any CPU
	EndGlobalSection
	GlobalSection(ProjectConfigurationPlatforms) = postSolution
		{D704DA65-9DF7-40B4-B43A-E4644E7FE4A5}.Debug|Any CPU.ActiveCfg = Debug|Any CPU
		{D704DA65-9DF7-40B4-B43A-E4644E7FE4A5}.Debug|Any CPU.Build.0 = Debug|Any CPU
		{D704DA65-9DF7-40B4-B43A-E4644E7FE4A5}.Release|Any CPU.ActiveCfg = Release|Any CPU
		{D704DA65-9DF7-40B4-B43A-E4644E7FE4A5}.Release|Any CPU.Build.0 = Release|Any CPU
	EndGlobalSection
	GlobalSection(SolutionProperties) = preSolution
		HideSolutionNode = FALSE
	EndGlobalSection
	GlobalSection(ExtensibilityGlobals) = postSolution
		SolutionGuid = {A0DFC8BE-CD88-471E-8E29-35ABD8FD3D73}
	EndGlobalSection
EndGlobal
